# THIS IS AN AUTOGENERATED FILE. DO NOT EDIT THIS FILE DIRECTLY.
# yarn lockfile v1


"@dqbd/tiktoken@^1.0.6":
  version "1.0.6"
  resolved "https://registry.npmjs.org/@dqbd/tiktoken/-/tiktoken-1.0.6.tgz"
  integrity sha512-umSdeZTy/SbPPKVuZKV/XKyFPmXSN145CcM3iHjBbmhlohBJg7vaDp4cPCW+xNlWL6L2U1sp7T2BD+di2sUKdA==

"@types/money@^0.2.0":
  version "0.2.0"
  resolved "https://registry.npmjs.org/@types/money/-/money-0.2.0.tgz"
  integrity sha512-K5C16YIGwCmoHRWZxo3mywD31Vmm1MyQBAlMskbevb26r/XSwOdWS4JMowzdtOD3Hlu9fbCIT3c0KMach/SqRg==

"@types/node@^18.15.0":
  version "18.15.11"
  resolved "https://registry.npmjs.org/@types/node/-/node-18.15.11.tgz"
  integrity sha512-E5Kwq2n4SbMzQOn6wnmBjuK9ouqlURrcZDVfbo9ftDDTFt3nk7ZKK4GMOzoYgnpQJKcxwQw+lGaBvvlMo0qN/Q==

decimal.js@^10.4.3:
  version "10.4.3"
  resolved "https://registry.npmjs.org/decimal.js/-/decimal.js-10.4.3.tgz"
  integrity sha512-VBBaLc1MgL5XpzgIP7ny5Z6Nx3UrRkIViUkPUdtl9aya5amy3De1gsUUSB1g3+3sExYNjCAsAznmukyxCb1GRA==

money@^0.2.0:
  version "0.2.0"
  resolved "https://registry.npmjs.org/money/-/money-0.2.0.tgz"
  integrity sha512-0AblpmOvf7yXW9Or4iBHvms38blV74pwjF/G3qI2PDbcAowQEYgEJPqvnuGBYTuWXtZQSrN5g49RqyezdKhwGg==
